
Microsoft Visual Studio Solution File, Format Version 12.00
# Visual Studio Version 16
VisualStudioVersion = 16.0.30717.126
MinimumVisualStudioVersion = 10.0.40219.1
Project("{FAE04EC0-301F-11D3-BF4B-00C04F79EFBC}") = "soru_1", "soru_1.csproj", "{D212D323-BA90-447A-8D4C-8BD060E73769}"
EndProject
Global
	GlobalSection(SolutionConfigurationPlatforms) = preSolution
		Debug|Any CPU = Debug|Any CPU
		Release|Any CPU = Release|Any CPU
	EndGlobalSection
	GlobalSection(ProjectConfigurationPlatforms) = postSolution
		{D212D323-BA90-447A-8D4C-8BD060E73769}.Debug|Any CPU.ActiveCfg = Debug|Any CPU
		{D212D323-BA90-447A-8D4C-8BD060E73769}.Debug|Any CPU.Build.0 = Debug|Any CPU
		{D212D323-BA90-447A-8D4C-8BD060E73769}.Release|Any CPU.ActiveCfg = Release|Any CPU
		{D212D323-BA90-447A-8D4C-8BD060E73769}.Release|Any CPU.Build.0 = Release|Any CPU
	EndGlobalSection
	GlobalSection(SolutionProperties) = preSolution
		HideSolutionNode = FALSE
	EndGlobalSection
	GlobalSection(ExtensibilityGlobals) = postSolution
		SolutionGuid = {BD010E72-2AC2-484B-A6E9-CFF7B99DB471}
	EndGlobalSection
EndGlobal
